// !$*UTF8*$!
{
	archiveVersion = 1;
	classes = {
	};
	objectVersion = 50;
	objects = {

/* Begin PBXBuildFile section */
		BF100C2C2420308A00DAE5F1 /* AppDelegate.swift in Sources */ = {isa = PBXBuildFile; fileRef = BF100C2B2420308A00DAE5F1 /* AppDelegate.swift */; };
		BF100C2E2420308A00DAE5F1 /* SceneDelegate.swift in Sources */ = {isa = PBXBuildFile; fileRef = BF100C2D2420308A00DAE5F1 /* SceneDelegate.swift */; };
		BF100C302420308A00DAE5F1 /* ContentView.swift in Sources */ = {isa = PBXBuildFile; fileRef = BF100C2F2420308A00DAE5F1 /* ContentView.swift */; };
		BF100C322420308C00DAE5F1 /* Assets.xcassets in Resources */ = {isa = PBXBuildFile; fileRef = BF100C312420308C00DAE5F1 /* Assets.xcassets */; };
		BF100C352420308C00DAE5F1 /* Preview Assets.xcassets in Resources */ = {isa = PBXBuildFile; fileRef = BF100C342420308C00DAE5F1 /* Preview Assets.xcassets */; };
		BF100C382420308C00DAE5F1 /* LaunchScreen.storyboard in Resources */ = {isa = PBXBuildFile; fileRef = BF100C362420308C00DAE5F1 /* LaunchScreen.storyboard */; };
		BF100C432420308C00DAE5F1 /* enginearsTests.swift in Sources */ = {isa = PBXBuildFile; fileRef = BF100C422420308C00DAE5F1 /* enginearsTests.swift */; };
		BF100C4E2420308C00DAE5F1 /* enginearsUITests.swift in Sources */ = {isa = PBXBuildFile; fileRef = BF100C4D2420308C00DAE5F1 /* enginearsUITests.swift */; };
		BF9DCD722420375D00E28533 /* CircleImage.swift in Sources */ = {isa = PBXBuildFile; fileRef = BF9DCD712420375D00E28533 /* CircleImage.swift */; };
		BF9DCD762420412D00E28533 /* logged_in.swift in Sources */ = {isa = PBXBuildFile; fileRef = BF9DCD752420412D00E28533 /* logged_in.swift */; };
		BF9DCD782420426E00E28533 /* register.swift in Sources */ = {isa = PBXBuildFile; fileRef = BF9DCD772420426E00E28533 /* register.swift */; };
		BF9DCD7A2420458D00E28533 /* engineeringBanner.swift in Sources */ = {isa = PBXBuildFile; fileRef = BF9DCD792420458D00E28533 /* engineeringBanner.swift */; };
		BF9DCD7C24204D7700E28533 /* completeProfile.swift in Sources */ = {isa = PBXBuildFile; fileRef = BF9DCD7B24204D7700E28533 /* completeProfile.swift */; };
/* End PBXBuildFile section */

/* Begin PBXContainerItemProxy section */
		BF100C3F2420308C00DAE5F1 /* PBXContainerItemProxy */ = {
			isa = PBXContainerItemProxy;
			containerPortal = BF100C202420308A00DAE5F1 /* Project object */;
			proxyType = 1;
			remoteGlobalIDString = BF100C272420308A00DAE5F1;
			remoteInfo = enginears;
		};
		BF100C4A2420308C00DAE5F1 /* PBXContainerItemProxy */ = {
			isa = PBXContainerItemProxy;
			containerPortal = BF100C202420308A00DAE5F1 /* Project object */;
			proxyType = 1;
			remoteGlobalIDString = BF100C272420308A00DAE5F1;
			remoteInfo = enginears;
		};
/* End PBXContainerItemProxy section */

/* Begin PBXFileReference section */
		BF100C282420308A00DAE5F1 /* enginears.app */ = {isa = PBXFileReference; explicitFileType = wrapper.application; includeInIndex = 0; path = enginears.app; sourceTree = BUILT_PRODUCTS_DIR; };
		BF100C2B2420308A00DAE5F1 /* AppDelegate.swift */ = {isa = PBXFileReference; lastKnownFileType = sourcecode.swift; path = AppDelegate.swift; sourceTree = "<group>"; };
		BF100C2D2420308A00DAE5F1 /* SceneDelegate.swift */ = {isa = PBXFileReference; lastKnownFileType = sourcecode.swift; path = SceneDelegate.swift; sourceTree = "<group>"; };
		BF100C2F2420308A00DAE5F1 /* ContentView.swift */ = {isa = PBXFileReference; lastKnownFileType = sourcecode.swift; path = ContentView.swift; sourceTree = "<group>"; };
		BF100C312420308C00DAE5F1 /* Assets.xcassets */ = {isa = PBXFileReference; lastKnownFileType = folder.assetcatalog; path = Assets.xcassets; sourceTree = "<group>"; };
		BF100C342420308C00DAE5F1 /* Preview Assets.xcassets */ = {isa = PBXFileReference; lastKnownFileType = folder.assetcatalog; path = "Preview Assets.xcassets"; sourceTree = "<group>"; };
		BF100C372420308C00DAE5F1 /* Base */ = {isa = PBXFileReference; lastKnownFileType = file.storyboard; name = Base; path = Base.lproj/LaunchScreen.storyboard; sourceTree = "<group>"; };
		BF100C392420308C00DAE5F1 /* Info.plist */ = {isa = PBXFileReference; lastKnownFileType = text.plist.xml; path = Info.plist; sourceTree = "<group>"; };
		BF100C3E2420308C00DAE5F1 /* enginearsTests.xctest */ = {isa = PBXFileReference; explicitFileType = wrapper.cfbundle; includeInIndex = 0; path = enginearsTests.xctest; sourceTree = BUILT_PRODUCTS_DIR; };
		BF100C422420308C00DAE5F1 /* enginearsTests.swift */ = {isa = PBXFileReference; lastKnownFileType = sourcecode.swift; path = enginearsTests.swift; sourceTree = "<group>"; };
		BF100C442420308C00DAE5F1 /* Info.plist */ = {isa = PBXFileReference; lastKnownFileType = text.plist.xml; path = Info.plist; sourceTree = "<group>"; };
		BF100C492420308C00DAE5F1 /* enginearsUITests.xctest */ = {isa = PBXFileReference; explicitFileType = wrapper.cfbundle; includeInIndex = 0; path = enginearsUITests.xctest; sourceTree = BUILT_PRODUCTS_DIR; };
		BF100C4D2420308C00DAE5F1 /* enginearsUITests.swift */ = {isa = PBXFileReference; lastKnownFileType = sourcecode.swift; path = enginearsUITests.swift; sourceTree = "<group>"; };
		BF100C4F2420308C00DAE5F1 /* Info.plist */ = {isa = PBXFileReference; lastKnownFileType = text.plist.xml; path = Info.plist; sourceTree = "<group>"; };
		BF9DCD712420375D00E28533 /* CircleImage.swift */ = {isa = PBXFileReference; lastKnownFileType = sourcecode.swift; path = CircleImage.swift; sourceTree = "<group>"; };
		BF9DCD752420412D00E28533 /* logged_in.swift */ = {isa = PBXFileReference; lastKnownFileType = sourcecode.swift; path = logged_in.swift; sourceTree = "<group>"; };
		BF9DCD772420426E00E28533 /* register.swift */ = {isa = PBXFileReference; lastKnownFileType = sourcecode.swift; path = register.swift; sourceTree = "<group>"; };
		BF9DCD792420458D00E28533 /* engineeringBanner.swift */ = {isa = PBXFileReference; lastKnownFileType = sourcecode.swift; path = engineeringBanner.swift; sourceTree = "<group>"; };
		BF9DCD7B24204D7700E28533 /* completeProfile.swift */ = {isa = PBXFileReference; lastKnownFileType = sourcecode.swift; path = completeProfile.swift; sourceTree = "<group>"; };
/* End PBXFileReference section */

/* Begin PBXFrameworksBuildPhase section */
		BF100C252420308A00DAE5F1 /* Frameworks */ = {
			isa = PBXFrameworksBuildPhase;
			buildActionMask = 2147483647;
			files = (
			);
			runOnlyForDeploymentPostprocessing = 0;
		};
		BF100C3B2420308C00DAE5F1 /* Frameworks */ = {
			isa = PBXFrameworksBuildPhase;
			buildActionMask = 2147483647;
			files = (
			);
			runOnlyForDeploymentPostprocessing = 0;
		};
		BF100C462420308C00DAE5F1 /* Frameworks */ = {
			isa = PBXFrameworksBuildPhase;
			buildActionMask = 2147483647;
			files = (
			);
			runOnlyForDeploymentPostprocessing = 0;
		};
/* End PBXFrameworksBuildPhase section */

/* Begin PBXGroup section */
		BF100C1F2420308A00DAE5F1 = {
			isa = PBXGroup;
			children = (
				BF100C2A2420308A00DAE5F1 /* enginears */,
				BF100C412420308C00DAE5F1 /* enginearsTests */,
				BF100C4C2420308C00DAE5F1 /* enginearsUITests */,
				BF100C292420308A00DAE5F1 /* Products */,
			);
			sourceTree = "<group>";
		};
		BF100C292420308A00DAE5F1 /* Products */ = {
			isa = PBXGroup;
			children = (
				BF100C282420308A00DAE5F1 /* enginears.app */,
				BF100C3E2420308C00DAE5F1 /* enginearsTests.xctest */,
				BF100C492420308C00DAE5F1 /* enginearsUITests.xctest */,
			);
			name = Products;
			sourceTree = "<group>";
		};
		BF100C2A2420308A00DAE5F1 /* enginears */ = {
			isa = PBXGroup;
			children = (
				BF100C2B2420308A00DAE5F1 /* AppDelegate.swift */,
				BF100C2D2420308A00DAE5F1 /* SceneDelegate.swift */,
				BF100C2F2420308A00DAE5F1 /* ContentView.swift */,
				BF9DCD792420458D00E28533 /* engineeringBanner.swift */,
				BF9DCD772420426E00E28533 /* register.swift */,
				BF9DCD7B24204D7700E28533 /* completeProfile.swift */,
				BF9DCD752420412D00E28533 /* logged_in.swift */,
				BF100C312420308C00DAE5F1 /* Assets.xcassets */,
				BF9DCD712420375D00E28533 /* CircleImage.swift */,
				BF100C362420308C00DAE5F1 /* LaunchScreen.storyboard */,
				BF100C392420308C00DAE5F1 /* Info.plist */,
				BF100C332420308C00DAE5F1 /* Preview Content */,
			);
			path = enginears;
			sourceTree = "<group>";
		};
		BF100C332420308C00DAE5F1 /* Preview Content */ = {
			isa = PBXGroup;
			children = (
				BF100C342420308C00DAE5F1 /* Preview Assets.xcassets */,
			);
			path = "Preview Content";
			sourceTree = "<group>";
		};
		BF100C412420308C00DAE5F1 /* enginearsTests */ = {
			isa = PBXGroup;
			children = (
				BF100C422420308C00DAE5F1 /* enginearsTests.swift */,
				BF100C442420308C00DAE5F1 /* Info.plist */,
			);
			path = enginearsTests;
			sourceTree = "<group>";
		};
		BF100C4C2420308C00DAE5F1 /* enginearsUITests */ = {
			isa = PBXGroup;
			children = (
				BF100C4D2420308C00DAE5F1 /* enginearsUITests.swift */,
				BF100C4F2420308C00DAE5F1 /* Info.plist */,
			);
			path = enginearsUITests;
			sourceTree = "<group>";
		};
/* End PBXGroup section */

/* Begin PBXNativeTarget section */
		BF100C272420308A00DAE5F1 /* enginears */ = {
			isa = PBXNativeTarget;
			buildConfigurationList = BF100C522420308C00DAE5F1 /* Build configuration list for PBXNativeTarget "enginears" */;
			buildPhases = (
				BF100C242420308A00DAE5F1 /* Sources */,
				BF100C252420308A00DAE5F1 /* Frameworks */,
				BF100C262420308A00DAE5F1 /* Resources */,
			);
			buildRules = (
			);
			dependencies = (
			);
			name = enginears;
			productName = enginears;
			productReference = BF100C282420308A00DAE5F1 /* enginears.app */;
			productType = "com.apple.product-type.application";
		};
		BF100C3D2420308C00DAE5F1 /* enginearsTests */ = {
			isa = PBXNativeTarget;
			buildConfigurationList = BF100C552420308C00DAE5F1 /* Build configuration list for PBXNativeTarget "enginearsTests" */;
			buildPhases = (
				BF100C3A2420308C00DAE5F1 /* Sources */,
				BF100C3B2420308C00DAE5F1 /* Frameworks */,
				BF100C3C2420308C00DAE5F1 /* Resources */,
			);
			buildRules = (
			);
			dependencies = (
				BF100C402420308C00DAE5F1 /* PBXTargetDependency */,
			);
			name = enginearsTests;
			productName = enginearsTests;
			productReference = BF100C3E2420308C00DAE5F1 /* enginearsTests.xctest */;
			productType = "com.apple.product-type.bundle.unit-test";
		};
		BF100C482420308C00DAE5F1 /* enginearsUITests */ = {
			isa = PBXNativeTarget;
			buildConfigurationList = BF100C582420308C00DAE5F1 /* Build configuration list for PBXNativeTarget "enginearsUITests" */;
			buildPhases = (
				BF100C452420308C00DAE5F1 /* Sources */,
				BF100C462420308C00DAE5F1 /* Frameworks */,
				BF100C472420308C00DAE5F1 /* Resources */,
			);
			buildRules = (
			);
			dependencies = (
				BF100C4B2420308C00DAE5F1 /* PBXTargetDependency */,
			);
			name = enginearsUITests;
			productName = enginearsUITests;
			productReference = BF100C492420308C00DAE5F1 /* enginearsUITests.xctest */;
			productType = "com.apple.product-type.bundle.ui-testing";
		};
/* End PBXNativeTarget section */

/* Begin PBXProject section */
		BF100C202420308A00DAE5F1 /* Project object */ = {
			isa = PBXProject;
			attributes = {
				LastSwiftUpdateCheck = 1130;
				LastUpgradeCheck = 1130;
				ORGANIZATIONNAME = "Connie Tran";
				TargetAttributes = {
					BF100C272420308A00DAE5F1 = {
						CreatedOnToolsVersion = 11.3.1;
					};
					BF100C3D2420308C00DAE5F1 = {
						CreatedOnToolsVersion = 11.3.1;
						TestTargetID = BF100C272420308A00DAE5F1;
					};
					BF100C482420308C00DAE5F1 = {
						CreatedOnToolsVersion = 11.3.1;
						TestTargetID = BF100C272420308A00DAE5F1;
					};
				};
			};
			buildConfigurationList = BF100C232420308A00DAE5F1 /* Build configuration list for PBXProject "enginears" */;
			compatibilityVersion = "Xcode 9.3";
			developmentRegion = en;
			hasScannedForEncodings = 0;
			knownRegions = (
				en,
				Base,
			);
			mainGroup = BF100C1F2420308A00DAE5F1;
			productRefGroup = BF100C292420308A00DAE5F1 /* Products */;
			projectDirPath = "";
			projectRoot = "";
			targets = (
				BF100C272420308A00DAE5F1 /* enginears */,
				BF100C3D2420308C00DAE5F1 /* enginearsTests */,
				BF100C482420308C00DAE5F1 /* enginearsUITests */,
			);
		};
/* End PBXProject section */

/* Begin PBXResourcesBuildPhase section */
		BF100C262420308A00DAE5F1 /* Resources */ = {
			isa = PBXResourcesBuildPhase;
			buildActionMask = 2147483647;
			files = (
				BF100C382420308C00DAE5F1 /* LaunchScreen.storyboard in Resources */,
				BF100C352420308C00DAE5F1 /* Preview Assets.xcassets in Resources */,
				BF100C322420308C00DAE5F1 /* Assets.xcassets in Resources */,
			);
			runOnlyForDeploymentPostprocessing = 0;
		};
		BF100C3C2420308C00DAE5F1 /* Resources */ = {
			isa = PBXResourcesBuildPhase;
			buildActionMask = 2147483647;
			files = (
			);
			runOnlyForDeploymentPostprocessing = 0;
		};
		BF100C472420308C00DAE5F1 /* Resources */ = {
			isa = PBXResourcesBuildPhase;
			buildActionMask = 2147483647;
			files = (
			);
			runOnlyForDeploymentPostprocessing = 0;
		};
/* End PBXResourcesBuildPhase section */

/* Begin PBXSourcesBuildPhase section */
		BF100C242420308A00DAE5F1 /* Sources */ = {
			isa = PBXSourcesBuildPhase;
			buildActionMask = 2147483647;
			files = (
				BF100C2C2420308A00DAE5F1 /* AppDelegate.swift in Sources */,
				BF9DCD762420412D00E28533 /* logged_in.swift in Sources */,
				BF9DCD7C24204D7700E28533 /* completeProfile.swift in Sources */,
				BF9DCD782420426E00E28533 /* register.swift in Sources */,
				BF9DCD722420375D00E28533 /* CircleImage.swift in Sources */,
				BF9DCD7A2420458D00E28533 /* engineeringBanner.swift in Sources */,
				BF100C2E2420308A00DAE5F1 /* SceneDelegate.swift in Sources */,
				BF100C302420308A00DAE5F1 /* ContentView.swift in Sources */,
			);
			runOnlyForDeploymentPostprocessing = 0;
		};
		BF100C3A2420308C00DAE5F1 /* Sources */ = {
			isa = PBXSourcesBuildPhase;
			buildActionMask = 2147483647;
			files = (
				BF100C432420308C00DAE5F1 /* enginearsTests.swift in Sources */,
			);
			runOnlyForDeploymentPostprocessing = 0;
		};
		BF100C452420308C00DAE5F1 /* Sources */ = {
			isa = PBXSourcesBuildPhase;
			buildActionMask = 2147483647;
			files = (
				BF100C4E2420308C00DAE5F1 /* enginearsUITests.swift in Sources */,
			);
			runOnlyForDeploymentPostprocessing = 0;
		};
/* End PBXSourcesBuildPhase section */

/* Begin PBXTargetDependency section */
		BF100C402420308C00DAE5F1 /* PBXTargetDependency */ = {
			isa = PBXTargetDependency;
			target = BF100C272420308A00DAE5F1 /* enginears */;
			targetProxy = BF100C3F2420308C00DAE5F1 /* PBXContainerItemProxy */;
		};
		BF100C4B2420308C00DAE5F1 /* PBXTargetDependency */ = {
			isa = PBXTargetDependency;
			target = BF100C272420308A00DAE5F1 /* enginears */;
			targetProxy = BF100C4A2420308C00DAE5F1 /* PBXContainerItemProxy */;
		};
/* End PBXTargetDependency section */

/* Begin PBXVariantGroup section */
		BF100C362420308C00DAE5F1 /* LaunchScreen.storyboard */ = {
			isa = PBXVariantGroup;
			children = (
				BF100C372420308C00DAE5F1 /* Base */,
			);
			name = LaunchScreen.storyboard;
			sourceTree = "<group>";
		};
/* End PBXVariantGroup section */

/* Begin XCBuildConfiguration section */
		BF100C502420308C00DAE5F1 /* Debug */ = {
			isa = XCBuildConfiguration;
			buildSettings = {
				ALWAYS_SEARCH_USER_PATHS = NO;
				CLANG_ANALYZER_NONNULL = YES;
				CLANG_ANALYZER_NUMBER_OBJECT_CONVERSION = YES_AGGRESSIVE;
				CLANG_CXX_LANGUAGE_STANDARD = "gnu++14";
				CLANG_CXX_LIBRARY = "libc++";
				CLANG_ENABLE_MODULES = YES;
				CLANG_ENABLE_OBJC_ARC = YES;
				CLANG_ENABLE_OBJC_WEAK = YES;
				CLANG_WARN_BLOCK_CAPTURE_AUTORELEASING = YES;
				CLANG_WARN_BOOL_CONVERSION = YES;
				CLANG_WARN_COMMA = YES;
				CLANG_WARN_CONSTANT_CONVERSION = YES;
				CLANG_WARN_DEPRECATED_OBJC_IMPLEMENTATIONS = YES;
				CLANG_WARN_DIRECT_OBJC_ISA_USAGE = YES_ERROR;
				CLANG_WARN_DOCUMENTATION_COMMENTS = YES;
				CLANG_WARN_EMPTY_BODY = YES;
				CLANG_WARN_ENUM_CONVERSION = YES;
				CLANG_WARN_INFINITE_RECURSION = YES;
				CLANG_WARN_INT_CONVERSION = YES;
				CLANG_WARN_NON_LITERAL_NULL_CONVERSION = YES;
				CLANG_WARN_OBJC_IMPLICIT_RETAIN_SELF = YES;
				CLANG_WARN_OBJC_LITERAL_CONVERSION = YES;
				CLANG_WARN_OBJC_ROOT_CLASS = YES_ERROR;
				CLANG_WARN_RANGE_LOOP_ANALYSIS = YES;
				CLANG_WARN_STRICT_PROTOTYPES = YES;
				CLANG_WARN_SUSPICIOUS_MOVE = YES;
				CLANG_WARN_UNGUARDED_AVAILABILITY = YES_AGGRESSIVE;
				CLANG_WARN_UNREACHABLE_CODE = YES;
				CLANG_WARN__DUPLICATE_METHOD_MATCH = YES;
				COPY_PHASE_STRIP = NO;
				DEBUG_INFORMATION_FORMAT = dwarf;
				ENABLE_STRICT_OBJC_MSGSEND = YES;
				ENABLE_TESTABILITY = YES;
				GCC_C_LANGUAGE_STANDARD = gnu11;
				GCC_DYNAMIC_NO_PIC = NO;
				GCC_NO_COMMON_BLOCKS = YES;
				GCC_OPTIMIZATION_LEVEL = 0;
				GCC_PREPROCESSOR_DEFINITIONS = (
					"DEBUG=1",
					"$(inherited)",
				);
				GCC_WARN_64_TO_32_BIT_CONVERSION = YES;
				GCC_WARN_ABOUT_RETURN_TYPE = YES_ERROR;
				GCC_WARN_UNDECLARED_SELECTOR = YES;
				GCC_WARN_UNINITIALIZED_AUTOS = YES_AGGRESSIVE;
				GCC_WARN_UNUSED_FUNCTION = YES;
				GCC_WARN_UNUSED_VARIABLE = YES;
				IPHONEOS_DEPLOYMENT_TARGET = 13.2;
				MTL_ENABLE_DEBUG_INFO = INCLUDE_SOURCE;
				MTL_FAST_MATH = YES;
				ONLY_ACTIVE_ARCH = YES;
				SDKROOT = iphoneos;
				SWIFT_ACTIVE_COMPILATION_CONDITIONS = DEBUG;
				SWIFT_OPTIMIZATION_LEVEL = "-Onone";
			};
			name = Debug;
		};
		BF100C512420308C00DAE5F1 /* Release */ = {
			isa = XCBuildConfiguration;
			buildSettings = {
				ALWAYS_SEARCH_USER_PATHS = NO;
				CLANG_ANALYZER_NONNULL = YES;
				CLANG_ANALYZER_NUMBER_OBJECT_CONVERSION = YES_AGGRESSIVE;
				CLANG_CXX_LANGUAGE_STANDARD = "gnu++14";
				CLANG_CXX_LIBRARY = "libc++";
				CLANG_ENABLE_MODULES = YES;
				CLANG_ENABLE_OBJC_ARC = YES;
				CLANG_ENABLE_OBJC_WEAK = YES;
				CLANG_WARN_BLOCK_CAPTURE_AUTORELEASING = YES;
				CLANG_WARN_BOOL_CONVERSION = YES;
				CLANG_WARN_COMMA = YES;
				CLANG_WARN_CONSTANT_CONVERSION = YES;
				CLANG_WARN_DEPRECATED_OBJC_IMPLEMENTATIONS = YES;
				CLANG_WARN_DIRECT_OBJC_ISA_USAGE = YES_ERROR;
				CLANG_WARN_DOCUMENTATION_COMMENTS = YES;
				CLANG_WARN_EMPTY_BODY = YES;
				CLANG_WARN_ENUM_CONVERSION = YES;
				CLANG_WARN_INFINITE_RECURSION = YES;
				CLANG_WARN_INT_CONVERSION = YES;
				CLANG_WARN_NON_LITERAL_NULL_CONVERSION = YES;
				CLANG_WARN_OBJC_IMPLICIT_RETAIN_SELF = YES;
				CLANG_WARN_OBJC_LITERAL_CONVERSION = YES;
				CLANG_WARN_OBJC_ROOT_CLASS = YES_ERROR;
				CLANG_WARN_RANGE_LOOP_ANALYSIS = YES;
				CLANG_WARN_STRICT_PROTOTYPES = YES;
				CLANG_WARN_SUSPICIOUS_MOVE = YES;
				CLANG_WARN_UNGUARDED_AVAILABILITY = YES_AGGRESSIVE;
				CLANG_WARN_UNREACHABLE_CODE = YES;
				CLANG_WARN__DUPLICATE_METHOD_MATCH = YES;
				COPY_PHASE_STRIP = NO;
				DEBUG_INFORMATION_FORMAT = "dwarf-with-dsym";
				ENABLE_NS_ASSERTIONS = NO;
				ENABLE_STRICT_OBJC_MSGSEND = YES;
				GCC_C_LANGUAGE_STANDARD = gnu11;
				GCC_NO_COMMON_BLOCKS = YES;
				GCC_WARN_64_TO_32_BIT_CONVERSION = YES;
				GCC_WARN_ABOUT_RETURN_TYPE = YES_ERROR;
				GCC_WARN_UNDECLARED_SELECTOR = YES;
				GCC_WARN_UNINITIALIZED_AUTOS = YES_AGGRESSIVE;
				GCC_WARN_UNUSED_FUNCTION = YES;
				GCC_WARN_UNUSED_VARIABLE = YES;
				IPHONEOS_DEPLOYMENT_TARGET = 13.2;
				MTL_ENABLE_DEBUG_INFO = NO;
				MTL_FAST_MATH = YES;
				SDKROOT = iphoneos;
				SWIFT_COMPILATION_MODE = wholemodule;
				SWIFT_OPTIMIZATION_LEVEL = "-O";
				VALIDATE_PRODUCT = YES;
			};
			name = Release;
		};
		BF100C532420308C00DAE5F1 /* Debug */ = {
			isa = XCBuildConfiguration;
			buildSettings = {
				ASSETCATALOG_COMPILER_APPICON_NAME = AppIcon;
				CODE_SIGN_STYLE = Automatic;
				DEVELOPMENT_ASSET_PATHS = "\"enginears/Preview Content\"";
				ENABLE_PREVIEWS = YES;
				INFOPLIST_FILE = enginears/Info.plist;
				LD_RUNPATH_SEARCH_PATHS = (
					"$(inherited)",
					"@executable_path/Frameworks",
				);
				PRODUCT_BUNDLE_IDENTIFIER = sjsu.enginears;
				PRODUCT_NAME = "$(TARGET_NAME)";
				SWIFT_VERSION = 5.0;
				TARGETED_DEVICE_FAMILY = "1,2";
			};
			name = Debug;
		};
		BF100C542420308C00DAE5F1 /* Release */ = {
			isa = XCBuildConfiguration;
			buildSettings = {
				ASSETCATALOG_COMPILER_APPICON_NAME = AppIcon;
				CODE_SIGN_STYLE = Automatic;
				DEVELOPMENT_ASSET_PATHS = "\"enginears/Preview Content\"";
				ENABLE_PREVIEWS = YES;
				INFOPLIST_FILE = enginears/Info.plist;
				LD_RUNPATH_SEARCH_PATHS = (
					"$(inherited)",
					"@executable_path/Frameworks",
				);
				PRODUCT_BUNDLE_IDENTIFIER = sjsu.enginears;
				PRODUCT_NAME = "$(TARGET_NAME)";
				SWIFT_VERSION = 5.0;
				TARGETED_DEVICE_FAMILY = "1,2";
			};
			name = Release;
		};
		BF100C562420308C00DAE5F1 /* Debug */ = {
			isa = XCBuildConfiguration;
			buildSettings = {
				ALWAYS_EMBED_SWIFT_STANDARD_LIBRARIES = YES;
				BUNDLE_LOADER = "$(TEST_HOST)";
				CODE_SIGN_STYLE = Automatic;
				INFOPLIST_FILE = enginearsTests/Info.plist;
				IPHONEOS_DEPLOYMENT_TARGET = 13.2;
				LD_RUNPATH_SEARCH_PATHS = (
					"$(inherited)",
					"@executable_path/Frameworks",
					"@loader_path/Frameworks",
				);
				PRODUCT_BUNDLE_IDENTIFIER = sjsu.enginearsTests;
				PRODUCT_NAME = "$(TARGET_NAME)";
				SWIFT_VERSION = 5.0;
				TARGETED_DEVICE_FAMILY = "1,2";
				TEST_HOST = "$(BUILT_PRODUCTS_DIR)/enginears.app/enginears";
			};
			name = Debug;
		};
		BF100C572420308C00DAE5F1 /* Release */ = {
			isa = XCBuildConfiguration;
			buildSettings = {
				ALWAYS_EMBED_SWIFT_STANDARD_LIBRARIES = YES;
				BUNDLE_LOADER = "$(TEST_HOST)";
				CODE_SIGN_STYLE = Automatic;
				INFOPLIST_FILE = enginearsTests/Info.plist;
				IPHONEOS_DEPLOYMENT_TARGET = 13.2;
				LD_RUNPATH_SEARCH_PATHS = (
					"$(inherited)",
					"@executable_path/Frameworks",
					"@loader_path/Frameworks",
				);
				PRODUCT_BUNDLE_IDENTIFIER = sjsu.enginearsTests;
				PRODUCT_NAME = "$(TARGET_NAME)";
				SWIFT_VERSION = 5.0;
				TARGETED_DEVICE_FAMILY = "1,2";
				TEST_HOST = "$(BUILT_PRODUCTS_DIR)/enginears.app/enginears";
			};
			name = Release;
		};
		BF100C592420308C00DAE5F1 /* Debug */ = {
			isa = XCBuildConfiguration;
			buildSettings = {
				ALWAYS_EMBED_SWIFT_STANDARD_LIBRARIES = YES;
				CODE_SIGN_STYLE = Automatic;
				INFOPLIST_FILE = enginearsUITests/Info.plist;
				LD_RUNPATH_SEARCH_PATHS = (
					"$(inherited)",
					"@executable_path/Frameworks",
					"@loader_path/Frameworks",
				);
				PRODUCT_BUNDLE_IDENTIFIER = sjsu.enginearsUITests;
				PRODUCT_NAME = "$(TARGET_NAME)";
				SWIFT_VERSION = 5.0;
				TARGETED_DEVICE_FAMILY = "1,2";
				TEST_TARGET_NAME = enginears;
			};
			name = Debug;
		};
		BF100C5A2420308C00DAE5F1 /* Release */ = {
			isa = XCBuildConfiguration;
			buildSettings = {
				ALWAYS_EMBED_SWIFT_STANDARD_LIBRARIES = YES;
				CODE_SIGN_STYLE = Automatic;
				INFOPLIST_FILE = enginearsUITests/Info.plist;
				LD_RUNPATH_SEARCH_PATHS = (
					"$(inherited)",
					"@executable_path/Frameworks",
					"@loader_path/Frameworks",
				);
				PRODUCT_BUNDLE_IDENTIFIER = sjsu.enginearsUITests;
				PRODUCT_NAME = "$(TARGET_NAME)";
				SWIFT_VERSION = 5.0;
				TARGETED_DEVICE_FAMILY = "1,2";
				TEST_TARGET_NAME = enginears;
			};
			name = Release;
		};
/* End XCBuildConfiguration section */

/* Begin XCConfigurationList section */
		BF100C232420308A00DAE5F1 /* Build configuration list for PBXProject "enginears" */ = {
			isa = XCConfigurationList;
			buildConfigurations = (
				BF100C502420308C00DAE5F1 /* Debug */,
				BF100C512420308C00DAE5F1 /* Release */,
			);
			defaultConfigurationIsVisible = 0;
			defaultConfigurationName = Release;
		};
		BF100C522420308C00DAE5F1 /* Build configuration list for PBXNativeTarget "enginears" */ = {
			isa = XCConfigurationList;
			buildConfigurations = (
				BF100C532420308C00DAE5F1 /* Debug */,
				BF100C542420308C00DAE5F1 /* Release */,
			);
			defaultConfigurationIsVisible = 0;
			defaultConfigurationName = Release;
		};
		BF100C552420308C00DAE5F1 /* Build configuration list for PBXNativeTarget "enginearsTests" */ = {
			isa = XCConfigurationList;
			buildConfigurations = (
				BF100C562420308C00DAE5F1 /* Debug */,
				BF100C572420308C00DAE5F1 /* Release */,
			);
			defaultConfigurationIsVisible = 0;
			defaultConfigurationName = Release;
		};
		BF100C582420308C00DAE5F1 /* Build configuration list for PBXNativeTarget "enginearsUITests" */ = {
			isa = XCConfigurationList;
			buildConfigurations = (
				BF100C592420308C00DAE5F1 /* Debug */,
				BF100C5A2420308C00DAE5F1 /* Release */,
			);
			defaultConfigurationIsVisible = 0;
			defaultConfigurationName = Release;
		};
/* End XCConfigurationList section */
	};
	rootObject = BF100C202420308A00DAE5F1 /* Project object */;
}
